// !$*UTF8*$!
{
	archiveVersion = 1;
	classes = {
	};
	objectVersion = 46;
	objects = {

/* Begin PBXBuildFile section */
		A7ABE3F31D424D2C0051990C /* AppDelegate.swift in Sources */ = {isa = PBXBuildFile; fileRef = A7ABE3F21D424D2C0051990C /* AppDelegate.swift */; };
		A7ABE3F51D424D2C0051990C /* ViewController.swift in Sources */ = {isa = PBXBuildFile; fileRef = A7ABE3F41D424D2C0051990C /* ViewController.swift */; };
		A7ABE3F81D424D2C0051990C /* Main.storyboard in Resources */ = {isa = PBXBuildFile; fileRef = A7ABE3F61D424D2C0051990C /* Main.storyboard */; };
		A7ABE3FA1D424D2C0051990C /* Assets.xcassets in Resources */ = {isa = PBXBuildFile; fileRef = A7ABE3F91D424D2C0051990C /* Assets.xcassets */; };
		A7ABE3FD1D424D2C0051990C /* LaunchScreen.storyboard in Resources */ = {isa = PBXBuildFile; fileRef = A7ABE3FB1D424D2C0051990C /* LaunchScreen.storyboard */; };
/* End PBXBuildFile section */

/* Begin PBXFileReference section */
		A7ABE3EF1D424D2C0051990C /* WorldTrotter.app */ = {isa = PBXFileReference; explicitFileType = wrapper.application; includeInIndex = 0; path = WorldTrotter.app; sourceTree = BUILT_PRODUCTS_DIR; };
		A7ABE3F21D424D2C0051990C /* AppDelegate.swift */ = {isa = PBXFileReference; lastKnownFileType = sourcecode.swift; path = AppDelegate.swift; sourceTree = "<group>"; };
		A7ABE3F41D424D2C0051990C /* ViewController.swift */ = {isa = PBXFileReference; lastKnownFileType = sourcecode.swift; path = ViewController.swift; sourceTree = "<group>"; };
		A7ABE3F71D424D2C0051990C /* Base */ = {isa = PBXFileReference; lastKnownFileType = file.storyboard; name = Base; path = Base.lproj/Main.storyboard; sourceTree = "<group>"; };
		A7ABE3F91D424D2C0051990C /* Assets.xcassets */ = {isa = PBXFileReference; lastKnownFileType = folder.assetcatalog; path = Assets.xcassets; sourceTree = "<group>"; };
		A7ABE3FC1D424D2C0051990C /* Base */ = {isa = PBXFileReference; lastKnownFileType = file.storyboard; name = Base; path = Base.lproj/LaunchScreen.storyboard; sourceTree = "<group>"; };
		A7ABE3FE1D424D2C0051990C /* Info.plist */ = {isa = PBXFileReference; lastKnownFileType = text.plist.xml; path = Info.plist; sourceTree = "<group>"; };
/* End PBXFileReference section */

/* Begin PBXFrameworksBuildPhase section */
		A7ABE3EC1D424D2C0051990C /* Frameworks */ = {
			isa = PBXFrameworksBuildPhase;
			buildActionMask = 2147483647;
			files = (
			);
			runOnlyForDeploymentPostprocessing = 0;
		};
/* End PBXFrameworksBuildPhase section */

/* Begin PBXGroup section */
		A7ABE3E61D424D2C0051990C = {
			isa = PBXGroup;
			children = (
				A7ABE3F11D424D2C0051990C /* WorldTrotter */,
				A7ABE3F01D424D2C0051990C /* Products */,
			);
			sourceTree = "<group>";
		};
		A7ABE3F01D424D2C0051990C /* Products */ = {
			isa = PBXGroup;
			children = (
				A7ABE3EF1D424D2C0051990C /* WorldTrotter.app */,
			);
			name = Products;
			sourceTree = "<group>";
		};
		A7ABE3F11D424D2C0051990C /* WorldTrotter */ = {
			isa = PBXGroup;
			children = (
				A7ABE3F21D424D2C0051990C /* AppDelegate.swift */,
				A7ABE3F41D424D2C0051990C /* ViewController.swift */,
				A7ABE3F61D424D2C0051990C /* Main.storyboard */,
				A7ABE3F91D424D2C0051990C /* Assets.xcassets */,
				A7ABE3FB1D424D2C0051990C /* LaunchScreen.storyboard */,
				A7ABE3FE1D424D2C0051990C /* Info.plist */,
			);
			path = WorldTrotter;
			sourceTree = "<group>";
		};
/* End PBXGroup section */

/* Begin PBXNativeTarget section */
		A7ABE3EE1D424D2C0051990C /* WorldTrotter */ = {
			isa = PBXNativeTarget;
			buildConfigurationList = A7ABE4011D424D2C0051990C /* Build configuration list for PBXNativeTarget "WorldTrotter" */;
			buildPhases = (
				A7ABE3EB1D424D2C0051990C /* Sources */,
				A7ABE3EC1D424D2C0051990C /* Frameworks */,
				A7ABE3ED1D424D2C0051990C /* Resources */,
			);
			buildRules = (
			);
			dependencies = (
			);
			name = WorldTrotter;
			productName = WorldTrotter;
			productReference = A7ABE3EF1D424D2C0051990C /* WorldTrotter.app */;
			productType = "com.apple.product-type.application";
		};
/* End PBXNativeTarget section */

/* Begin PBXProject section */
		A7ABE3E71D424D2C0051990C /* Project object */ = {
			isa = PBXProject;
			attributes = {
				LastSwiftUpdateCheck = 0730;
				LastUpgradeCheck = 0730;
				ORGANIZATIONNAME = "Irina Kalashnikova";
				TargetAttributes = {
					A7ABE3EE1D424D2C0051990C = {
						CreatedOnToolsVersion = 7.3.1;
						DevelopmentTeam = B9NU7FF5WD;
					};
				};
			};
			buildConfigurationList = A7ABE3EA1D424D2C0051990C /* Build configuration list for PBXProject "WorldTrotter" */;
			compatibilityVersion = "Xcode 3.2";
			developmentRegion = English;
			hasScannedForEncodings = 0;
			knownRegions = (
				en,
				Base,
			);
			mainGroup = A7ABE3E61D424D2C0051990C;
			productRefGroup = A7ABE3F01D424D2C0051990C /* Products */;
			projectDirPath = "";
			projectRoot = "";
			targets = (
				A7ABE3EE1D424D2C0051990C /* WorldTrotter */,
			);
		};
/* End PBXProject section */

/* Begin PBXResourcesBuildPhase section */
		A7ABE3ED1D424D2C0051990C /* Resources */ = {
			isa = PBXResourcesBuildPhase;
			buildActionMask = 2147483647;
			files = (
				A7ABE3FD1D424D2C0051990C /* LaunchScreen.storyboard in Resources */,
				A7ABE3FA1D424D2C0051990C /* Assets.xcassets in Resources */,
				A7ABE3F81D424D2C0051990C /* Main.storyboard in Resources */,
			);
			runOnlyForDeploymentPostprocessing = 0;
		};
/* End PBXResourcesBuildPhase section */

/* Begin PBXSourcesBuildPhase section */
		A7ABE3EB1D424D2C0051990C /* Sources */ = {
			isa = PBXSourcesBuildPhase;
			buildActionMask = 2147483647;
			files = (
				A7ABE3F51D424D2C0051990C /* ViewController.swift in Sources */,
				A7ABE3F31D424D2C0051990C /* AppDelegate.swift in Sources */,
			);
			runOnlyForDeploymentPostprocessing = 0;
		};
/* End PBXSourcesBuildPhase section */

/* Begin PBXVariantGroup section */
		A7ABE3F61D424D2C0051990C /* Main.storyboard */ = {
			isa = PBXVariantGroup;
			children = (
				A7ABE3F71D424D2C0051990C /* Base */,
			);
			name = Main.storyboard;
			sourceTree = "<group>";
		};
		A7ABE3FB1D424D2C0051990C /* LaunchScreen.storyboard */ = {
			isa = PBXVariantGroup;
			children = (
				A7ABE3FC1D424D2C0051990C /* Base */,
			);
			name = LaunchScreen.storyboard;
			sourceTree = "<group>";
		};
/* End PBXVariantGroup section */

/* Begin XCBuildConfiguration section */
		A7ABE3FF1D424D2C0051990C /* Debug */ = {
			isa = XCBuildConfiguration;
			buildSettings = {
				ALWAYS_SEARCH_USER_PATHS = NO;
				CLANG_ANALYZER_NONNULL = YES;
				CLANG_CXX_LANGUAGE_STANDARD = "gnu++0x";
				CLANG_CXX_LIBRARY = "libc++";
				CLANG_ENABLE_MODULES = YES;
				CLANG_ENABLE_OBJC_ARC = YES;
				CLANG_WARN_BOOL_CONVERSION = YES;
				CLANG_WARN_CONSTANT_CONVERSION = YES;
				CLANG_WARN_DIRECT_OBJC_ISA_USAGE = YES_ERROR;
				CLANG_WARN_EMPTY_BODY = YES;
				CLANG_WARN_ENUM_CONVERSION = YES;
				CLANG_WARN_INT_CONVERSION = YES;
				CLANG_WARN_OBJC_ROOT_CLASS = YES_ERROR;
				CLANG_WARN_UNREACHABLE_CODE = YES;
				CLANG_WARN__DUPLICATE_METHOD_MATCH = YES;
				"CODE_SIGN_IDENTITY[sdk=iphoneos*]" = "iPhone Developer";
				COPY_PHASE_STRIP = NO;
				DEBUG_INFORMATION_FORMAT = dwarf;
				ENABLE_STRICT_OBJC_MSGSEND = YES;
				ENABLE_TESTABILITY = YES;
				GCC_C_LANGUAGE_STANDARD = gnu99;
				GCC_DYNAMIC_NO_PIC = NO;
				GCC_NO_COMMON_BLOCKS = YES;
				GCC_OPTIMIZATION_LEVEL = 0;
				GCC_PREPROCESSOR_DEFINITIONS = (
					"DEBUG=1",
					"$(inherited)",
				);
				GCC_WARN_64_TO_32_BIT_CONVERSION = YES;
				GCC_WARN_ABOUT_RETURN_TYPE = YES_ERROR;
				GCC_WARN_UNDECLARED_SELECTOR = YES;
				GCC_WARN_UNINITIALIZED_AUTOS = YES_AGGRESSIVE;
				GCC_WARN_UNUSED_FUNCTION = YES;
				GCC_WARN_UNUSED_VARIABLE = YES;
				IPHONEOS_DEPLOYMENT_TARGET = 9.3;
				MTL_ENABLE_DEBUG_INFO = YES;
				ONLY_ACTIVE_ARCH = YES;
				SDKROOT = iphoneos;
				SWIFT_OPTIMIZATION_LEVEL = "-Onone";
			};
			name = Debug;
		};
		A7ABE4001D424D2C0051990C /* Release */ = {
			isa = XCBuildConfiguration;
			buildSettings = {
				ALWAYS_SEARCH_USER_PATHS = NO;
				CLANG_ANALYZER_NONNULL = YES;
				CLANG_CXX_LANGUAGE_STANDARD = "gnu++0x";
				CLANG_CXX_LIBRARY = "libc++";
				CLANG_ENABLE_MODULES = YES;
				CLANG_ENABLE_OBJC_ARC = YES;
				CLANG_WARN_BOOL_CONVERSION = YES;
				CLANG_WARN_CONSTANT_CONVERSION = YES;
				CLANG_WARN_DIRECT_OBJC_ISA_USAGE = YES_ERROR;
				CLANG_WARN_EMPTY_BODY = YES;
				CLANG_WARN_ENUM_CONVERSION = YES;
				CLANG_WARN_INT_CONVERSION = YES;
				CLANG_WARN_OBJC_ROOT_CLASS = YES_ERROR;
				CLANG_WARN_UNREACHABLE_CODE = YES;
				CLANG_WARN__DUPLICATE_METHOD_MATCH = YES;
				"CODE_SIGN_IDENTITY[sdk=iphoneos*]" = "iPhone Developer";
				COPY_PHASE_STRIP = NO;
				DEBUG_INFORMATION_FORMAT = "dwarf-with-dsym";
				ENABLE_NS_ASSERTIONS = NO;
				ENABLE_STRICT_OBJC_MSGSEND = YES;
				GCC_C_LANGUAGE_STANDARD = gnu99;
				GCC_NO_COMMON_BLOCKS = YES;
				GCC_WARN_64_TO_32_BIT_CONVERSION = YES;
				GCC_WARN_ABOUT_RETURN_TYPE = YES_ERROR;
				GCC_WARN_UNDECLARED_SELECTOR = YES;
				GCC_WARN_UNINITIALIZED_AUTOS = YES_AGGRESSIVE;
				GCC_WARN_UNUSED_FUNCTION = YES;
				GCC_WARN_UNUSED_VARIABLE = YES;
				IPHONEOS_DEPLOYMENT_TARGET = 9.3;
				MTL_ENABLE_DEBUG_INFO = NO;
				SDKROOT = iphoneos;
				VALIDATE_PRODUCT = YES;
			};
			name = Release;
		};
		A7ABE4021D424D2C0051990C /* Debug */ = {
			isa = XCBuildConfiguration;
			buildSettings = {
				ASSETCATALOG_COMPILER_APPICON_NAME = AppIcon;
				CODE_SIGN_IDENTITY = "iPhone Developer";
				"CODE_SIGN_IDENTITY[sdk=iphoneos*]" = "iPhone Developer";
				INFOPLIST_FILE = WorldTrotter/Info.plist;
				LD_RUNPATH_SEARCH_PATHS = "$(inherited) @executable_path/Frameworks";
				PRODUCT_BUNDLE_IDENTIFIER = self.edu.irina.WorldTrotter;
				PRODUCT_NAME = "$(TARGET_NAME)";
				PROVISIONING_PROFILE = "";
			};
			name = Debug;
		};
		A7ABE4031D424D2C0051990C /* Release */ = {
			isa = XCBuildConfiguration;
			buildSettings = {
				ASSETCATALOG_COMPILER_APPICON_NAME = AppIcon;
				CODE_SIGN_IDENTITY = "iPhone Developer";
				"CODE_SIGN_IDENTITY[sdk=iphoneos*]" = "iPhone Developer";
				INFOPLIST_FILE = WorldTrotter/Info.plist;
				LD_RUNPATH_SEARCH_PATHS = "$(inherited) @executable_path/Frameworks";
				PRODUCT_BUNDLE_IDENTIFIER = self.edu.irina.WorldTrotter;
				PRODUCT_NAME = "$(TARGET_NAME)";
				PROVISIONING_PROFILE = "";
			};
			name = Release;
		};
/* End XCBuildConfiguration section */

/* Begin XCConfigurationList section */
		A7ABE3EA1D424D2C0051990C /* Build configuration list for PBXProject "WorldTrotter" */ = {
			isa = XCConfigurationList;
			buildConfigurations = (
				A7ABE3FF1D424D2C0051990C /* Debug */,
				A7ABE4001D424D2C0051990C /* Release */,
			);
			defaultConfigurationIsVisible = 0;
			defaultConfigurationName = Release;
		};
		A7ABE4011D424D2C0051990C /* Build configuration list for PBXNativeTarget "WorldTrotter" */ = {
			isa = XCConfigurationList;
			buildConfigurations = (
				A7ABE4021D424D2C0051990C /* Debug */,
				A7ABE4031D424D2C0051990C /* Release */,
			);
			defaultConfigurationIsVisible = 0;
		};
/* End XCConfigurationList section */
	};
	rootObject = A7ABE3E71D424D2C0051990C /* Project object */;
}
